
Microsoft Visual Studio Solution File, Format Version 12.00
# Visual Studio Version 17
VisualStudioVersion = 17.2.32616.157
MinimumVisualStudioVersion = 10.0.40219.1
Project("{2150E333-8FDC-42A3-9474-1A3956D46DE8}") = "Data", "Data", "{864B4B39-D9AB-44D5-8EC6-32012CF15F2F}"
EndProject
Project("{9A19103F-16F7-4668-BE54-9A1E7A4F7556}") = "Contexts", "api.v1\Data\Contexts\Contexts.csproj", "{A6ABF419-A4A4-423A-8C63-3EE6692D5132}"
EndProject
Project("{9A19103F-16F7-4668-BE54-9A1E7A4F7556}") = "Entities", "api.v1\Data\Entities\Entities.csproj", "{8EF5A4BF-3DCD-409D-8B95-FC5CAE33492E}"
EndProject
Project("{9A19103F-16F7-4668-BE54-9A1E7A4F7556}") = "CarRentals.Api", "api.v1\Monolith\CarRentals.Api\CarRentals.Api.csproj", "{5C774CC2-300B-4847-A87B-4E56F5D5486E}"
EndProject
Project("{2150E333-8FDC-42A3-9474-1A3956D46DE8}") = "Services", "Services", "{EA43F043-982A-4B3A-9CB7-CE2F76CF28C2}"
EndProject
Project("{9A19103F-16F7-4668-BE54-9A1E7A4F7556}") = "Context.Migrations", "api.v1\Data\Context.Migrations\Context.Migrations.csproj", "{A5DAA7E6-B1BD-4BAD-99DA-F8E1CD16A984}"
EndProject
Project("{2150E333-8FDC-42A3-9474-1A3956D46DE8}") = "Solution Items", "Solution Items", "{595DB053-166A-4A79-9B47-208D107598CD}"
	ProjectSection(SolutionItems) = preProject
		README.md = README.md
	EndProjectSection
EndProject
Global
	GlobalSection(SolutionConfigurationPlatforms) = preSolution
		Debug|Any CPU = Debug|Any CPU
		Release|Any CPU = Release|Any CPU
	EndGlobalSection
	GlobalSection(ProjectConfigurationPlatforms) = postSolution
		{A6ABF419-A4A4-423A-8C63-3EE6692D5132}.Debug|Any CPU.ActiveCfg = Debug|Any CPU
		{A6ABF419-A4A4-423A-8C63-3EE6692D5132}.Debug|Any CPU.Build.0 = Debug|Any CPU
		{A6ABF419-A4A4-423A-8C63-3EE6692D5132}.Release|Any CPU.ActiveCfg = Release|Any CPU
		{A6ABF419-A4A4-423A-8C63-3EE6692D5132}.Release|Any CPU.Build.0 = Release|Any CPU
		{8EF5A4BF-3DCD-409D-8B95-FC5CAE33492E}.Debug|Any CPU.ActiveCfg = Debug|Any CPU
		{8EF5A4BF-3DCD-409D-8B95-FC5CAE33492E}.Debug|Any CPU.Build.0 = Debug|Any CPU
		{8EF5A4BF-3DCD-409D-8B95-FC5CAE33492E}.Release|Any CPU.ActiveCfg = Release|Any CPU
		{8EF5A4BF-3DCD-409D-8B95-FC5CAE33492E}.Release|Any CPU.Build.0 = Release|Any CPU
		{5C774CC2-300B-4847-A87B-4E56F5D5486E}.Debug|Any CPU.ActiveCfg = Debug|Any CPU
		{5C774CC2-300B-4847-A87B-4E56F5D5486E}.Debug|Any CPU.Build.0 = Debug|Any CPU
		{5C774CC2-300B-4847-A87B-4E56F5D5486E}.Release|Any CPU.ActiveCfg = Release|Any CPU
		{5C774CC2-300B-4847-A87B-4E56F5D5486E}.Release|Any CPU.Build.0 = Release|Any CPU
		{A5DAA7E6-B1BD-4BAD-99DA-F8E1CD16A984}.Debug|Any CPU.ActiveCfg = Debug|Any CPU
		{A5DAA7E6-B1BD-4BAD-99DA-F8E1CD16A984}.Debug|Any CPU.Build.0 = Debug|Any CPU
		{A5DAA7E6-B1BD-4BAD-99DA-F8E1CD16A984}.Release|Any CPU.ActiveCfg = Release|Any CPU
		{A5DAA7E6-B1BD-4BAD-99DA-F8E1CD16A984}.Release|Any CPU.Build.0 = Release|Any CPU
	EndGlobalSection
	GlobalSection(SolutionProperties) = preSolution
		HideSolutionNode = FALSE
	EndGlobalSection
	GlobalSection(NestedProjects) = preSolution
		{A6ABF419-A4A4-423A-8C63-3EE6692D5132} = {864B4B39-D9AB-44D5-8EC6-32012CF15F2F}
		{8EF5A4BF-3DCD-409D-8B95-FC5CAE33492E} = {864B4B39-D9AB-44D5-8EC6-32012CF15F2F}
		{5C774CC2-300B-4847-A87B-4E56F5D5486E} = {EA43F043-982A-4B3A-9CB7-CE2F76CF28C2}
		{A5DAA7E6-B1BD-4BAD-99DA-F8E1CD16A984} = {864B4B39-D9AB-44D5-8EC6-32012CF15F2F}
	EndGlobalSection
	GlobalSection(ExtensibilityGlobals) = postSolution
		SolutionGuid = {D020C793-B1EF-4512-AC5C-A6A56AE7508B}
	EndGlobalSection
EndGlobal
