
Microsoft Visual Studio Solution File, Format Version 12.00
# Visual Studio Version 17
VisualStudioVersion = 17.2.32616.157
MinimumVisualStudioVersion = 10.0.40219.1
Project("{2150E333-8FDC-42A3-9474-1A3956D46DE8}") = "Data", "Data", "{864B4B39-D9AB-44D5-8EC6-32012CF15F2F}"
EndProject
Project("{2150E333-8FDC-42A3-9474-1A3956D46DE8}") = "Solution Items", "Solution Items", "{595DB053-166A-4A79-9B47-208D107598CD}"
	ProjectSection(SolutionItems) = preProject
		.editorconfig = .editorconfig
		README.md = README.md
	EndProjectSection
EndProject
Project("{9A19103F-16F7-4668-BE54-9A1E7A4F7556}") = "Context.Migrations", "api.v1\Context.Migrations\Context.Migrations.csproj", "{44D8DAE8-7884-4446-9400-355E435AC997}"
EndProject
Project("{9A19103F-16F7-4668-BE54-9A1E7A4F7556}") = "Contexts", "api.v1\Contexts\Contexts.csproj", "{428A16B3-41D7-420F-90DD-78A7CECC9460}"
EndProject
Project("{9A19103F-16F7-4668-BE54-9A1E7A4F7556}") = "Entities", "api.v1\Entities\Entities.csproj", "{96D5D15C-1C98-4CDD-A7D6-3305FAD0BE06}"
EndProject
Project("{9A19103F-16F7-4668-BE54-9A1E7A4F7556}") = "CarRentals.Api", "api.v1\CarRentals.Api\CarRentals.Api.csproj", "{1083FC06-EF18-4C5B-B537-2A4726C676DE}"
EndProject
Project("{2150E333-8FDC-42A3-9474-1A3956D46DE8}") = "Api", "Api", "{B37A8B48-0D28-44AF-BC55-8258F4E1D6EE}"
EndProject
Project("{FAE04EC0-301F-11D3-BF4B-00C04F79EFBC}") = "Api.Models", "api.v1\Api.Models\Api.Models.csproj", "{DBC13552-C734-4D90-85A6-F1B546EA0181}"
EndProject
Global
	GlobalSection(SolutionConfigurationPlatforms) = preSolution
		Debug|Any CPU = Debug|Any CPU
		Release|Any CPU = Release|Any CPU
	EndGlobalSection
	GlobalSection(ProjectConfigurationPlatforms) = postSolution
		{44D8DAE8-7884-4446-9400-355E435AC997}.Debug|Any CPU.ActiveCfg = Debug|Any CPU
		{44D8DAE8-7884-4446-9400-355E435AC997}.Debug|Any CPU.Build.0 = Debug|Any CPU
		{44D8DAE8-7884-4446-9400-355E435AC997}.Release|Any CPU.ActiveCfg = Release|Any CPU
		{44D8DAE8-7884-4446-9400-355E435AC997}.Release|Any CPU.Build.0 = Release|Any CPU
		{428A16B3-41D7-420F-90DD-78A7CECC9460}.Debug|Any CPU.ActiveCfg = Debug|Any CPU
		{428A16B3-41D7-420F-90DD-78A7CECC9460}.Debug|Any CPU.Build.0 = Debug|Any CPU
		{428A16B3-41D7-420F-90DD-78A7CECC9460}.Release|Any CPU.ActiveCfg = Release|Any CPU
		{428A16B3-41D7-420F-90DD-78A7CECC9460}.Release|Any CPU.Build.0 = Release|Any CPU
		{96D5D15C-1C98-4CDD-A7D6-3305FAD0BE06}.Debug|Any CPU.ActiveCfg = Debug|Any CPU
		{96D5D15C-1C98-4CDD-A7D6-3305FAD0BE06}.Debug|Any CPU.Build.0 = Debug|Any CPU
		{96D5D15C-1C98-4CDD-A7D6-3305FAD0BE06}.Release|Any CPU.ActiveCfg = Release|Any CPU
		{96D5D15C-1C98-4CDD-A7D6-3305FAD0BE06}.Release|Any CPU.Build.0 = Release|Any CPU
		{1083FC06-EF18-4C5B-B537-2A4726C676DE}.Debug|Any CPU.ActiveCfg = Debug|Any CPU
		{1083FC06-EF18-4C5B-B537-2A4726C676DE}.Debug|Any CPU.Build.0 = Debug|Any CPU
		{1083FC06-EF18-4C5B-B537-2A4726C676DE}.Release|Any CPU.ActiveCfg = Release|Any CPU
		{1083FC06-EF18-4C5B-B537-2A4726C676DE}.Release|Any CPU.Build.0 = Release|Any CPU
		{DBC13552-C734-4D90-85A6-F1B546EA0181}.Debug|Any CPU.ActiveCfg = Debug|Any CPU
		{DBC13552-C734-4D90-85A6-F1B546EA0181}.Debug|Any CPU.Build.0 = Debug|Any CPU
		{DBC13552-C734-4D90-85A6-F1B546EA0181}.Release|Any CPU.ActiveCfg = Release|Any CPU
		{DBC13552-C734-4D90-85A6-F1B546EA0181}.Release|Any CPU.Build.0 = Release|Any CPU
	EndGlobalSection
	GlobalSection(SolutionProperties) = preSolution
		HideSolutionNode = FALSE
	EndGlobalSection
	GlobalSection(NestedProjects) = preSolution
		{44D8DAE8-7884-4446-9400-355E435AC997} = {864B4B39-D9AB-44D5-8EC6-32012CF15F2F}
		{428A16B3-41D7-420F-90DD-78A7CECC9460} = {864B4B39-D9AB-44D5-8EC6-32012CF15F2F}
		{96D5D15C-1C98-4CDD-A7D6-3305FAD0BE06} = {864B4B39-D9AB-44D5-8EC6-32012CF15F2F}
		{DBC13552-C734-4D90-85A6-F1B546EA0181} = {B37A8B48-0D28-44AF-BC55-8258F4E1D6EE}
	EndGlobalSection
	GlobalSection(ExtensibilityGlobals) = postSolution
		SolutionGuid = {D020C793-B1EF-4512-AC5C-A6A56AE7508B}
	EndGlobalSection
EndGlobal
